{
  "nodes": {
    "logos-cpp-sdk": {
      "inputs": {
        "logos-nix": "logos-nix",
        "logos-protocol": "logos-protocol",
        "nixpkgs": [
          "logos-cpp-sdk",
          "logos-nix",
          "nixpkgs"
        ]
      },
      "locked": {
        "lastModified": 1781313016,
        "narHash": "sha256-gbchE6ExNqonj5XXVURXahYaaML0qAtSV9wHHMjs+/E=",
        "owner": "logos-co",
        "repo": "logos-cpp-sdk",
        "rev": "87abcd804422cbd733c2e658ae2f42c20162115c",
        "type": "github"
      },
      "original": {
        "owner": "logos-co",
        "repo": "logos-cpp-sdk",
        "type": "github"
      }
    },
    "logos-nix": {
      "inputs": {
        "nixpkgs": "nixpkgs"
      },
      "locked": {
        "lastModified": 1774455309,
        "narHash": "sha256-3AN7aFnArdysrbQQ2UskWzjNSFADb4hDCsnx69Fa0ng=",
        "owner": "logos-co",
        "repo": "logos-nix",
        "rev": "e637a1f5e871244d1c2df1e3c52a067f2eb406f2",
        "type": "github"
      },
      "original": {
        "owner": "logos-co",
        "repo": "logos-nix",
        "type": "github"
      }
    },
    "logos-nix_2": {
      "inputs": {
        "nixpkgs": "nixpkgs_2"
      },
      "locked": {
        "lastModified": 1774455309,
        "narHash": "sha256-3AN7aFnArdysrbQQ2UskWzjNSFADb4hDCsnx69Fa0ng=",
        "owner": "logos-co",
        "repo": "logos-nix",
        "rev": "e637a1f5e871244d1c2df1e3c52a067f2eb406f2",
        "type": "github"
      },
      "original": {
        "owner": "logos-co",
        "repo": "logos-nix",
        "type": "github"
      }
    },
    "logos-protocol": {
      "inputs": {
        "logos-nix": [
          "logos-cpp-sdk",
          "logos-nix"
        ],
        "nixpkgs": [
          "logos-cpp-sdk",
          "logos-protocol",
          "logos-nix",
          "nixpkgs"
        ]
      },
      "locked": {
        "lastModified": 1781303997,
        "narHash": "sha256-j9U4wPlHdN5oA+65h1SAo/s2YUHvNYKxij4/pCqEtAs=",
        "owner": "logos-co",
        "repo": "logos-protocol",
        "rev": "9de4165ab68ece4071647026cb2596bed8a8d7e2",
        "type": "github"
      },
      "original": {
        "owner": "logos-co",
        "repo": "logos-protocol",
        "type": "github"
      }
    },
    "logos-protocol_2": {
      "inputs": {
        "logos-nix": [
          "logos-nix"
        ],
        "nixpkgs": [
          "nixpkgs"
        ]
      },
      "locked": {
        "lastModified": 1781303997,
        "narHash": "sha256-j9U4wPlHdN5oA+65h1SAo/s2YUHvNYKxij4/pCqEtAs=",
        "owner": "logos-co",
        "repo": "logos-protocol",
        "rev": "9de4165ab68ece4071647026cb2596bed8a8d7e2",
        "type": "github"
      },
      "original": {
        "owner": "logos-co",
        "repo": "logos-protocol",
        "type": "github"
      }
    },
    "logos-qt-sdk": {
      "inputs": {
        "logos-cpp-sdk": [
          "logos-cpp-sdk"
        ],
        "logos-nix": [
          "logos-nix"
        ],
        "logos-protocol": [
          "logos-protocol"
        ],
        "nixpkgs": [
          "nixpkgs"
        ]
      },
      "locked": {
        "lastModified": 1781306785,
        "narHash": "sha256-Z8nAECXYUx4mt0fH9Q9IFpLlAZc+m/Z43GD8mZEIoKE=",
        "owner": "logos-co",
        "repo": "logos-qt-sdk",
        "rev": "8d0e5d98990261407b50600d886158a1f78e1b1c",
        "type": "github"
      },
      "original": {
        "owner": "logos-co",
        "repo": "logos-qt-sdk",
        "type": "github"
      }
    },
    "nixpkgs": {
      "locked": {
        "lastModified": 1759036355,
        "narHash": "sha256-0m27AKv6ka+q270dw48KflE0LwQYrO7Fm4/2//KCVWg=",
        "owner": "NixOS",
        "repo": "nixpkgs",
        "rev": "e9f00bd893984bc8ce46c895c3bf7cac95331127",
        "type": "github"
      },
      "original": {
        "owner": "NixOS",
        "ref": "nixos-unstable",
        "repo": "nixpkgs",
        "type": "github"
      }
    },
    "nixpkgs_2": {
      "locked": {
        "lastModified": 1759036355,
        "narHash": "sha256-0m27AKv6ka+q270dw48KflE0LwQYrO7Fm4/2//KCVWg=",
        "owner": "NixOS",
        "repo": "nixpkgs",
        "rev": "e9f00bd893984bc8ce46c895c3bf7cac95331127",
        "type": "github"
      },
      "original": {
        "owner": "NixOS",
        "ref": "nixos-unstable",
        "repo": "nixpkgs",
        "type": "github"
      }
    },
    "root": {
      "inputs": {
        "logos-cpp-sdk": "logos-cpp-sdk",
        "logos-nix": "logos-nix_2",
        "logos-protocol": "logos-protocol_2",
        "logos-qt-sdk": "logos-qt-sdk",
        "nixpkgs": [
          "logos-nix",
          "nixpkgs"
        ]
      }
    }
  },
  "root": "root",
  "version": 7
}
